
Microsoft Visual Studio Solution File, Format Version 12.00
# Visual Studio Version 17
VisualStudioVersion = 17.3.32825.248
MinimumVisualStudioVersion = 10.0.40219.1
Project("{8BC9CEB8-8B4A-11D0-8D11-00A0C91BC942}") = "lab1", "lab1\lab1.vcxproj", "{6E3408A6-29A7-48D2-8FC7-EB3C93E97091}"
EndProject
Global
	GlobalSection(SolutionConfigurationPlatforms) = preSolution
		Debug|x64 = Debug|x64
		Debug|x86 = Debug|x86
		Release|x64 = Release|x64
		Release|x86 = Release|x86
	EndGlobalSection
	GlobalSection(ProjectConfigurationPlatforms) = postSolution
		{6E3408A6-29A7-48D2-8FC7-EB3C93E97091}.Debug|x64.ActiveCfg = Debug|x64
		{6E3408A6-29A7-48D2-8FC7-EB3C93E97091}.Debug|x64.Build.0 = Debug|x64
		{6E3408A6-29A7-48D2-8FC7-EB3C93E97091}.Debug|x86.ActiveCfg = Debug|Win32
		{6E3408A6-29A7-48D2-8FC7-EB3C93E97091}.Debug|x86.Build.0 = Debug|Win32
		{6E3408A6-29A7-48D2-8FC7-EB3C93E97091}.Release|x64.ActiveCfg = Release|x64
		{6E3408A6-29A7-48D2-8FC7-EB3C93E97091}.Release|x64.Build.0 = Release|x64
		{6E3408A6-29A7-48D2-8FC7-EB3C93E97091}.Release|x86.ActiveCfg = Release|Win32
		{6E3408A6-29A7-48D2-8FC7-EB3C93E97091}.Release|x86.Build.0 = Release|Win32
	EndGlobalSection
	GlobalSection(SolutionProperties) = preSolution
		HideSolutionNode = FALSE
	EndGlobalSection
	GlobalSection(ExtensibilityGlobals) = postSolution
		SolutionGuid = {CD0DA51B-6E3A-443B-A347-FAA1D21F5686}
	EndGlobalSection
EndGlobal
